lockfileVersion: '9.0'

settings:
  autoInstallPeers: true
  excludeLinksFromLockfile: false

importers:

  .:
    dependencies:
      '@hono/node-server':
        specifier: ^1.14.1
        version: 1.19.12(hono@4.12.10)
      hono:
        specifier: ^4.7.9
        version: 4.12.10
      papaparse:
        specifier: 5.5.3
        version: 5.5.3

packages:

  '@hono/node-server@1.19.12':
    resolution: {integrity: sha512-txsUW4SQ1iilgE0l9/e9VQWmELXifEFvmdA1j6WFh/aFPj99hIntrSsq/if0UWyGVkmrRPKA1wCeP+UCr1B9Uw==}
    engines: {node: '>=18.14.1'}
    peerDependencies:
      hono: ^4

  hono@4.12.10:
    resolution: {integrity: sha512-mx/p18PLy5og9ufies2GOSUqep98Td9q4i/EF6X7yJgAiIopxqdfIO3jbqsi3jRgTgw88jMDEzVKi+V2EF+27w==}
    engines: {node: '>=16.9.0'}

  papaparse@5.5.3:
    resolution: {integrity: sha512-5QvjGxYVjxO59MGU2lHVYpRWBBtKHnlIAcSe1uNFCkkptUh63NFRj0FJQm7nR67puEruUci/ZkjmEFrjCAyP4A==}

snapshots:

  '@hono/node-server@1.19.12(hono@4.12.10)':
    dependencies:
      hono: 4.12.10

  hono@4.12.10: {}

  papaparse@5.5.3: {}
