lockfileVersion: '9.0'

settings:
  autoInstallPeers: true
  excludeLinksFromLockfile: false

importers:

  .:
    dependencies:
      '@statico/zerodep-node-http-server':
        specifier: ^0.1.3
        version: 0.1.3
      papaparse:
        specifier: 5.5.3
        version: 5.5.3

packages:

  '@statico/zerodep-node-http-server@0.1.3':
    resolution: {integrity: sha512-4UXdavdY88AamhVNUyKR5/5/TQ21WrGbKIiUOSpz+bcpkMh18p/SbGcKO1Iw9yQJjWx4j18hiH+5Caml6xZtRQ==}
    engines: {node: '>=22'}

  papaparse@5.5.3:
    resolution: {integrity: sha512-5QvjGxYVjxO59MGU2lHVYpRWBBtKHnlIAcSe1uNFCkkptUh63NFRj0FJQm7nR67puEruUci/ZkjmEFrjCAyP4A==}

snapshots:

  '@statico/zerodep-node-http-server@0.1.3': {}

  papaparse@5.5.3: {}
